// !$*UTF8*$!
{
	archiveVersion = 1;
	classes = {
	};
	objectVersion = 50;
	objects = {

/* Begin PBXBuildFile section */
		3FE1ED8722C3CDC50069DF1A /* AppDelegate.swift in Sources */ = {isa = PBXBuildFile; fileRef = 3FE1ED8622C3CDC50069DF1A /* AppDelegate.swift */; };
		3FE1ED8922C3CDC50069DF1A /* ViewController.swift in Sources */ = {isa = PBXBuildFile; fileRef = 3FE1ED8822C3CDC50069DF1A /* ViewController.swift */; };
		3FE1ED8C22C3CDC50069DF1A /* Main.storyboard in Resources */ = {isa = PBXBuildFile; fileRef = 3FE1ED8A22C3CDC50069DF1A /* Main.storyboard */; };
		3FE1ED8E22C3CDC70069DF1A /* Assets.xcassets in Resources */ = {isa = PBXBuildFile; fileRef = 3FE1ED8D22C3CDC70069DF1A /* Assets.xcassets */; };
		3FE1ED9122C3CDC70069DF1A /* LaunchScreen.storyboard in Resources */ = {isa = PBXBuildFile; fileRef = 3FE1ED8F22C3CDC70069DF1A /* LaunchScreen.storyboard */; };
		3FE1ED9C22C3CDC70069DF1A /* Cat_2Tests.swift in Sources */ = {isa = PBXBuildFile; fileRef = 3FE1ED9B22C3CDC70069DF1A /* Cat_2Tests.swift */; };
		3FE1EDA722C3CDC70069DF1A /* Cat_2UITests.swift in Sources */ = {isa = PBXBuildFile; fileRef = 3FE1EDA622C3CDC70069DF1A /* Cat_2UITests.swift */; };
/* End PBXBuildFile section */

/* Begin PBXContainerItemProxy section */
		3FE1ED9822C3CDC70069DF1A /* PBXContainerItemProxy */ = {
			isa = PBXContainerItemProxy;
			containerPortal = 3FE1ED7B22C3CDC50069DF1A /* Project object */;
			proxyType = 1;
			remoteGlobalIDString = 3FE1ED8222C3CDC50069DF1A;
			remoteInfo = "Cat 2";
		};
		3FE1EDA322C3CDC70069DF1A /* PBXContainerItemProxy */ = {
			isa = PBXContainerItemProxy;
			containerPortal = 3FE1ED7B22C3CDC50069DF1A /* Project object */;
			proxyType = 1;
			remoteGlobalIDString = 3FE1ED8222C3CDC50069DF1A;
			remoteInfo = "Cat 2";
		};
/* End PBXContainerItemProxy section */

/* Begin PBXFileReference section */
		3FE1ED8322C3CDC50069DF1A /* Cat 2.app */ = {isa = PBXFileReference; explicitFileType = wrapper.application; includeInIndex = 0; path = "Cat 2.app"; sourceTree = BUILT_PRODUCTS_DIR; };
		3FE1ED8622C3CDC50069DF1A /* AppDelegate.swift */ = {isa = PBXFileReference; lastKnownFileType = sourcecode.swift; path = AppDelegate.swift; sourceTree = "<group>"; };
		3FE1ED8822C3CDC50069DF1A /* ViewController.swift */ = {isa = PBXFileReference; lastKnownFileType = sourcecode.swift; path = ViewController.swift; sourceTree = "<group>"; };
		3FE1ED8B22C3CDC50069DF1A /* Base */ = {isa = PBXFileReference; lastKnownFileType = file.storyboard; name = Base; path = Base.lproj/Main.storyboard; sourceTree = "<group>"; };
		3FE1ED8D22C3CDC70069DF1A /* Assets.xcassets */ = {isa = PBXFileReference; lastKnownFileType = folder.assetcatalog; path = Assets.xcassets; sourceTree = "<group>"; };
		3FE1ED9022C3CDC70069DF1A /* Base */ = {isa = PBXFileReference; lastKnownFileType = file.storyboard; name = Base; path = Base.lproj/LaunchScreen.storyboard; sourceTree = "<group>"; };
		3FE1ED9222C3CDC70069DF1A /* Info.plist */ = {isa = PBXFileReference; lastKnownFileType = text.plist.xml; path = Info.plist; sourceTree = "<group>"; };
		3FE1ED9722C3CDC70069DF1A /* Cat 2Tests.xctest */ = {isa = PBXFileReference; explicitFileType = wrapper.cfbundle; includeInIndex = 0; path = "Cat 2Tests.xctest"; sourceTree = BUILT_PRODUCTS_DIR; };
		3FE1ED9B22C3CDC70069DF1A /* Cat_2Tests.swift */ = {isa = PBXFileReference; lastKnownFileType = sourcecode.swift; path = Cat_2Tests.swift; sourceTree = "<group>"; };
		3FE1ED9D22C3CDC70069DF1A /* Info.plist */ = {isa = PBXFileReference; lastKnownFileType = text.plist.xml; path = Info.plist; sourceTree = "<group>"; };
		3FE1EDA222C3CDC70069DF1A /* Cat 2UITests.xctest */ = {isa = PBXFileReference; explicitFileType = wrapper.cfbundle; includeInIndex = 0; path = "Cat 2UITests.xctest"; sourceTree = BUILT_PRODUCTS_DIR; };
		3FE1EDA622C3CDC70069DF1A /* Cat_2UITests.swift */ = {isa = PBXFileReference; lastKnownFileType = sourcecode.swift; path = Cat_2UITests.swift; sourceTree = "<group>"; };
		3FE1EDA822C3CDC70069DF1A /* Info.plist */ = {isa = PBXFileReference; lastKnownFileType = text.plist.xml; path = Info.plist; sourceTree = "<group>"; };
/* End PBXFileReference section */

/* Begin PBXFrameworksBuildPhase section */
		3FE1ED8022C3CDC50069DF1A /* Frameworks */ = {
			isa = PBXFrameworksBuildPhase;
			buildActionMask = 2147483647;
			files = (
			);
			runOnlyForDeploymentPostprocessing = 0;
		};
		3FE1ED9422C3CDC70069DF1A /* Frameworks */ = {
			isa = PBXFrameworksBuildPhase;
			buildActionMask = 2147483647;
			files = (
			);
			runOnlyForDeploymentPostprocessing = 0;
		};
		3FE1ED9F22C3CDC70069DF1A /* Frameworks */ = {
			isa = PBXFrameworksBuildPhase;
			buildActionMask = 2147483647;
			files = (
			);
			runOnlyForDeploymentPostprocessing = 0;
		};
/* End PBXFrameworksBuildPhase section */

/* Begin PBXGroup section */
		3FE1ED7A22C3CDC50069DF1A = {
			isa = PBXGroup;
			children = (
				3FE1ED8522C3CDC50069DF1A /* Cat 2 */,
				3FE1ED9A22C3CDC70069DF1A /* Cat 2Tests */,
				3FE1EDA522C3CDC70069DF1A /* Cat 2UITests */,
				3FE1ED8422C3CDC50069DF1A /* Products */,
			);
			sourceTree = "<group>";
		};
		3FE1ED8422C3CDC50069DF1A /* Products */ = {
			isa = PBXGroup;
			children = (
				3FE1ED8322C3CDC50069DF1A /* Cat 2.app */,
				3FE1ED9722C3CDC70069DF1A /* Cat 2Tests.xctest */,
				3FE1EDA222C3CDC70069DF1A /* Cat 2UITests.xctest */,
			);
			name = Products;
			sourceTree = "<group>";
		};
		3FE1ED8522C3CDC50069DF1A /* Cat 2 */ = {
			isa = PBXGroup;
			children = (
				3FE1ED8622C3CDC50069DF1A /* AppDelegate.swift */,
				3FE1ED8822C3CDC50069DF1A /* ViewController.swift */,
				3FE1ED8A22C3CDC50069DF1A /* Main.storyboard */,
				3FE1ED8D22C3CDC70069DF1A /* Assets.xcassets */,
				3FE1ED8F22C3CDC70069DF1A /* LaunchScreen.storyboard */,
				3FE1ED9222C3CDC70069DF1A /* Info.plist */,
			);
			path = "Cat 2";
			sourceTree = "<group>";
		};
		3FE1ED9A22C3CDC70069DF1A /* Cat 2Tests */ = {
			isa = PBXGroup;
			children = (
				3FE1ED9B22C3CDC70069DF1A /* Cat_2Tests.swift */,
				3FE1ED9D22C3CDC70069DF1A /* Info.plist */,
			);
			path = "Cat 2Tests";
			sourceTree = "<group>";
		};
		3FE1EDA522C3CDC70069DF1A /* Cat 2UITests */ = {
			isa = PBXGroup;
			children = (
				3FE1EDA622C3CDC70069DF1A /* Cat_2UITests.swift */,
				3FE1EDA822C3CDC70069DF1A /* Info.plist */,
			);
			path = "Cat 2UITests";
			sourceTree = "<group>";
		};
/* End PBXGroup section */

/* Begin PBXNativeTarget section */
		3FE1ED8222C3CDC50069DF1A /* Cat 2 */ = {
			isa = PBXNativeTarget;
			buildConfigurationList = 3FE1EDAB22C3CDC70069DF1A /* Build configuration list for PBXNativeTarget "Cat 2" */;
			buildPhases = (
				3FE1ED7F22C3CDC50069DF1A /* Sources */,
				3FE1ED8022C3CDC50069DF1A /* Frameworks */,
				3FE1ED8122C3CDC50069DF1A /* Resources */,
			);
			buildRules = (
			);
			dependencies = (
			);
			name = "Cat 2";
			productName = "Cat 2";
			productReference = 3FE1ED8322C3CDC50069DF1A /* Cat 2.app */;
			productType = "com.apple.product-type.application";
		};
		3FE1ED9622C3CDC70069DF1A /* Cat 2Tests */ = {
			isa = PBXNativeTarget;
			buildConfigurationList = 3FE1EDAE22C3CDC70069DF1A /* Build configuration list for PBXNativeTarget "Cat 2Tests" */;
			buildPhases = (
				3FE1ED9322C3CDC70069DF1A /* Sources */,
				3FE1ED9422C3CDC70069DF1A /* Frameworks */,
				3FE1ED9522C3CDC70069DF1A /* Resources */,
			);
			buildRules = (
			);
			dependencies = (
				3FE1ED9922C3CDC70069DF1A /* PBXTargetDependency */,
			);
			name = "Cat 2Tests";
			productName = "Cat 2Tests";
			productReference = 3FE1ED9722C3CDC70069DF1A /* Cat 2Tests.xctest */;
			productType = "com.apple.product-type.bundle.unit-test";
		};
		3FE1EDA122C3CDC70069DF1A /* Cat 2UITests */ = {
			isa = PBXNativeTarget;
			buildConfigurationList = 3FE1EDB122C3CDC70069DF1A /* Build configuration list for PBXNativeTarget "Cat 2UITests" */;
			buildPhases = (
				3FE1ED9E22C3CDC70069DF1A /* Sources */,
				3FE1ED9F22C3CDC70069DF1A /* Frameworks */,
				3FE1EDA022C3CDC70069DF1A /* Resources */,
			);
			buildRules = (
			);
			dependencies = (
				3FE1EDA422C3CDC70069DF1A /* PBXTargetDependency */,
			);
			name = "Cat 2UITests";
			productName = "Cat 2UITests";
			productReference = 3FE1EDA222C3CDC70069DF1A /* Cat 2UITests.xctest */;
			productType = "com.apple.product-type.bundle.ui-testing";
		};
/* End PBXNativeTarget section */

/* Begin PBXProject section */
		3FE1ED7B22C3CDC50069DF1A /* Project object */ = {
			isa = PBXProject;
			attributes = {
				LastSwiftUpdateCheck = 1010;
				LastUpgradeCheck = 1010;
				ORGANIZATIONNAME = student;
				TargetAttributes = {
					3FE1ED8222C3CDC50069DF1A = {
						CreatedOnToolsVersion = 10.1;
					};
					3FE1ED9622C3CDC70069DF1A = {
						CreatedOnToolsVersion = 10.1;
						TestTargetID = 3FE1ED8222C3CDC50069DF1A;
					};
					3FE1EDA122C3CDC70069DF1A = {
						CreatedOnToolsVersion = 10.1;
						TestTargetID = 3FE1ED8222C3CDC50069DF1A;
					};
				};
			};
			buildConfigurationList = 3FE1ED7E22C3CDC50069DF1A /* Build configuration list for PBXProject "Cat 2" */;
			compatibilityVersion = "Xcode 9.3";
			developmentRegion = en;
			hasScannedForEncodings = 0;
			knownRegions = (
				en,
				Base,
			);
			mainGroup = 3FE1ED7A22C3CDC50069DF1A;
			productRefGroup = 3FE1ED8422C3CDC50069DF1A /* Products */;
			projectDirPath = "";
			projectRoot = "";
			targets = (
				3FE1ED8222C3CDC50069DF1A /* Cat 2 */,
				3FE1ED9622C3CDC70069DF1A /* Cat 2Tests */,
				3FE1EDA122C3CDC70069DF1A /* Cat 2UITests */,
			);
		};
/* End PBXProject section */

/* Begin PBXResourcesBuildPhase section */
		3FE1ED8122C3CDC50069DF1A /* Resources */ = {
			isa = PBXResourcesBuildPhase;
			buildActionMask = 2147483647;
			files = (
				3FE1ED9122C3CDC70069DF1A /* LaunchScreen.storyboard in Resources */,
				3FE1ED8E22C3CDC70069DF1A /* Assets.xcassets in Resources */,
				3FE1ED8C22C3CDC50069DF1A /* Main.storyboard in Resources */,
			);
			runOnlyForDeploymentPostprocessing = 0;
		};
		3FE1ED9522C3CDC70069DF1A /* Resources */ = {
			isa = PBXResourcesBuildPhase;
			buildActionMask = 2147483647;
			files = (
			);
			runOnlyForDeploymentPostprocessing = 0;
		};
		3FE1EDA022C3CDC70069DF1A /* Resources */ = {
			isa = PBXResourcesBuildPhase;
			buildActionMask = 2147483647;
			files = (
			);
			runOnlyForDeploymentPostprocessing = 0;
		};
/* End PBXResourcesBuildPhase section */

/* Begin PBXSourcesBuildPhase section */
		3FE1ED7F22C3CDC50069DF1A /* Sources */ = {
			isa = PBXSourcesBuildPhase;
			buildActionMask = 2147483647;
			files = (
				3FE1ED8922C3CDC50069DF1A /* ViewController.swift in Sources */,
				3FE1ED8722C3CDC50069DF1A /* AppDelegate.swift in Sources */,
			);
			runOnlyForDeploymentPostprocessing = 0;
		};
		3FE1ED9322C3CDC70069DF1A /* Sources */ = {
			isa = PBXSourcesBuildPhase;
			buildActionMask = 2147483647;
			files = (
				3FE1ED9C22C3CDC70069DF1A /* Cat_2Tests.swift in Sources */,
			);
			runOnlyForDeploymentPostprocessing = 0;
		};
		3FE1ED9E22C3CDC70069DF1A /* Sources */ = {
			isa = PBXSourcesBuildPhase;
			buildActionMask = 2147483647;
			files = (
				3FE1EDA722C3CDC70069DF1A /* Cat_2UITests.swift in Sources */,
			);
			runOnlyForDeploymentPostprocessing = 0;
		};
/* End PBXSourcesBuildPhase section */

/* Begin PBXTargetDependency section */
		3FE1ED9922C3CDC70069DF1A /* PBXTargetDependency */ = {
			isa = PBXTargetDependency;
			target = 3FE1ED8222C3CDC50069DF1A /* Cat 2 */;
			targetProxy = 3FE1ED9822C3CDC70069DF1A /* PBXContainerItemProxy */;
		};
		3FE1EDA422C3CDC70069DF1A /* PBXTargetDependency */ = {
			isa = PBXTargetDependency;
			target = 3FE1ED8222C3CDC50069DF1A /* Cat 2 */;
			targetProxy = 3FE1EDA322C3CDC70069DF1A /* PBXContainerItemProxy */;
		};
/* End PBXTargetDependency section */

/* Begin PBXVariantGroup section */
		3FE1ED8A22C3CDC50069DF1A /* Main.storyboard */ = {
			isa = PBXVariantGroup;
			children = (
				3FE1ED8B22C3CDC50069DF1A /* Base */,
			);
			name = Main.storyboard;
			sourceTree = "<group>";
		};
		3FE1ED8F22C3CDC70069DF1A /* LaunchScreen.storyboard */ = {
			isa = PBXVariantGroup;
			children = (
				3FE1ED9022C3CDC70069DF1A /* Base */,
			);
			name = LaunchScreen.storyboard;
			sourceTree = "<group>";
		};
/* End PBXVariantGroup section */

/* Begin XCBuildConfiguration section */
		3FE1EDA922C3CDC70069DF1A /* Debug */ = {
			isa = XCBuildConfiguration;
			buildSettings = {
				ALWAYS_SEARCH_USER_PATHS = NO;
				CLANG_ANALYZER_NONNULL = YES;
				CLANG_ANALYZER_NUMBER_OBJECT_CONVERSION = YES_AGGRESSIVE;
				CLANG_CXX_LANGUAGE_STANDARD = "gnu++14";
				CLANG_CXX_LIBRARY = "libc++";
				CLANG_ENABLE_MODULES = YES;
				CLANG_ENABLE_OBJC_ARC = YES;
				CLANG_ENABLE_OBJC_WEAK = YES;
				CLANG_WARN_BLOCK_CAPTURE_AUTORELEASING = YES;
				CLANG_WARN_BOOL_CONVERSION = YES;
				CLANG_WARN_COMMA = YES;
				CLANG_WARN_CONSTANT_CONVERSION = YES;
				CLANG_WARN_DEPRECATED_OBJC_IMPLEMENTATIONS = YES;
				CLANG_WARN_DIRECT_OBJC_ISA_USAGE = YES_ERROR;
				CLANG_WARN_DOCUMENTATION_COMMENTS = YES;
				CLANG_WARN_EMPTY_BODY = YES;
				CLANG_WARN_ENUM_CONVERSION = YES;
				CLANG_WARN_INFINITE_RECURSION = YES;
				CLANG_WARN_INT_CONVERSION = YES;
				CLANG_WARN_NON_LITERAL_NULL_CONVERSION = YES;
				CLANG_WARN_OBJC_IMPLICIT_RETAIN_SELF = YES;
				CLANG_WARN_OBJC_LITERAL_CONVERSION = YES;
				CLANG_WARN_OBJC_ROOT_CLASS = YES_ERROR;
				CLANG_WARN_RANGE_LOOP_ANALYSIS = YES;
				CLANG_WARN_STRICT_PROTOTYPES = YES;
				CLANG_WARN_SUSPICIOUS_MOVE = YES;
				CLANG_WARN_UNGUARDED_AVAILABILITY = YES_AGGRESSIVE;
				CLANG_WARN_UNREACHABLE_CODE = YES;
				CLANG_WARN__DUPLICATE_METHOD_MATCH = YES;
				CODE_SIGN_IDENTITY = "iPhone Developer";
				COPY_PHASE_STRIP = NO;
				DEBUG_INFORMATION_FORMAT = dwarf;
				ENABLE_STRICT_OBJC_MSGSEND = YES;
				ENABLE_TESTABILITY = YES;
				GCC_C_LANGUAGE_STANDARD = gnu11;
				GCC_DYNAMIC_NO_PIC = NO;
				GCC_NO_COMMON_BLOCKS = YES;
				GCC_OPTIMIZATION_LEVEL = 0;
				GCC_PREPROCESSOR_DEFINITIONS = (
					"DEBUG=1",
					"$(inherited)",
				);
				GCC_WARN_64_TO_32_BIT_CONVERSION = YES;
				GCC_WARN_ABOUT_RETURN_TYPE = YES_ERROR;
				GCC_WARN_UNDECLARED_SELECTOR = YES;
				GCC_WARN_UNINITIALIZED_AUTOS = YES_AGGRESSIVE;
				GCC_WARN_UNUSED_FUNCTION = YES;
				GCC_WARN_UNUSED_VARIABLE = YES;
				IPHONEOS_DEPLOYMENT_TARGET = 12.1;
				MTL_ENABLE_DEBUG_INFO = INCLUDE_SOURCE;
				MTL_FAST_MATH = YES;
				ONLY_ACTIVE_ARCH = YES;
				SDKROOT = iphoneos;
				SWIFT_ACTIVE_COMPILATION_CONDITIONS = DEBUG;
				SWIFT_OPTIMIZATION_LEVEL = "-Onone";
			};
			name = Debug;
		};
		3FE1EDAA22C3CDC70069DF1A /* Release */ = {
			isa = XCBuildConfiguration;
			buildSettings = {
				ALWAYS_SEARCH_USER_PATHS = NO;
				CLANG_ANALYZER_NONNULL = YES;
				CLANG_ANALYZER_NUMBER_OBJECT_CONVERSION = YES_AGGRESSIVE;
				CLANG_CXX_LANGUAGE_STANDARD = "gnu++14";
				CLANG_CXX_LIBRARY = "libc++";
				CLANG_ENABLE_MODULES = YES;
				CLANG_ENABLE_OBJC_ARC = YES;
				CLANG_ENABLE_OBJC_WEAK = YES;
				CLANG_WARN_BLOCK_CAPTURE_AUTORELEASING = YES;
				CLANG_WARN_BOOL_CONVERSION = YES;
				CLANG_WARN_COMMA = YES;
				CLANG_WARN_CONSTANT_CONVERSION = YES;
				CLANG_WARN_DEPRECATED_OBJC_IMPLEMENTATIONS = YES;
				CLANG_WARN_DIRECT_OBJC_ISA_USAGE = YES_ERROR;
				CLANG_WARN_DOCUMENTATION_COMMENTS = YES;
				CLANG_WARN_EMPTY_BODY = YES;
				CLANG_WARN_ENUM_CONVERSION = YES;
				CLANG_WARN_INFINITE_RECURSION = YES;
				CLANG_WARN_INT_CONVERSION = YES;
				CLANG_WARN_NON_LITERAL_NULL_CONVERSION = YES;
				CLANG_WARN_OBJC_IMPLICIT_RETAIN_SELF = YES;
				CLANG_WARN_OBJC_LITERAL_CONVERSION = YES;
				CLANG_WARN_OBJC_ROOT_CLASS = YES_ERROR;
				CLANG_WARN_RANGE_LOOP_ANALYSIS = YES;
				CLANG_WARN_STRICT_PROTOTYPES = YES;
				CLANG_WARN_SUSPICIOUS_MOVE = YES;
				CLANG_WARN_UNGUARDED_AVAILABILITY = YES_AGGRESSIVE;
				CLANG_WARN_UNREACHABLE_CODE = YES;
				CLANG_WARN__DUPLICATE_METHOD_MATCH = YES;
				CODE_SIGN_IDENTITY = "iPhone Developer";
				COPY_PHASE_STRIP = NO;
				DEBUG_INFORMATION_FORMAT = "dwarf-with-dsym";
				ENABLE_NS_ASSERTIONS = NO;
				ENABLE_STRICT_OBJC_MSGSEND = YES;
				GCC_C_LANGUAGE_STANDARD = gnu11;
				GCC_NO_COMMON_BLOCKS = YES;
				GCC_WARN_64_TO_32_BIT_CONVERSION = YES;
				GCC_WARN_ABOUT_RETURN_TYPE = YES_ERROR;
				GCC_WARN_UNDECLARED_SELECTOR = YES;
				GCC_WARN_UNINITIALIZED_AUTOS = YES_AGGRESSIVE;
				GCC_WARN_UNUSED_FUNCTION = YES;
				GCC_WARN_UNUSED_VARIABLE = YES;
				IPHONEOS_DEPLOYMENT_TARGET = 12.1;
				MTL_ENABLE_DEBUG_INFO = NO;
				MTL_FAST_MATH = YES;
				SDKROOT = iphoneos;
				SWIFT_COMPILATION_MODE = wholemodule;
				SWIFT_OPTIMIZATION_LEVEL = "-O";
				VALIDATE_PRODUCT = YES;
			};
			name = Release;
		};
		3FE1EDAC22C3CDC70069DF1A /* Debug */ = {
			isa = XCBuildConfiguration;
			buildSettings = {
				ASSETCATALOG_COMPILER_APPICON_NAME = AppIcon;
				CODE_SIGN_STYLE = Automatic;
				INFOPLIST_FILE = "Cat 2/Info.plist";
				LD_RUNPATH_SEARCH_PATHS = (
					"$(inherited)",
					"@executable_path/Frameworks",
				);
				PRODUCT_BUNDLE_IDENTIFIER = "test.Cat-2";
				PRODUCT_NAME = "$(TARGET_NAME)";
				SWIFT_VERSION = 4.2;
				TARGETED_DEVICE_FAMILY = "1,2";
			};
			name = Debug;
		};
		3FE1EDAD22C3CDC70069DF1A /* Release */ = {
			isa = XCBuildConfiguration;
			buildSettings = {
				ASSETCATALOG_COMPILER_APPICON_NAME = AppIcon;
				CODE_SIGN_STYLE = Automatic;
				INFOPLIST_FILE = "Cat 2/Info.plist";
				LD_RUNPATH_SEARCH_PATHS = (
					"$(inherited)",
					"@executable_path/Frameworks",
				);
				PRODUCT_BUNDLE_IDENTIFIER = "test.Cat-2";
				PRODUCT_NAME = "$(TARGET_NAME)";
				SWIFT_VERSION = 4.2;
				TARGETED_DEVICE_FAMILY = "1,2";
			};
			name = Release;
		};
		3FE1EDAF22C3CDC70069DF1A /* Debug */ = {
			isa = XCBuildConfiguration;
			buildSettings = {
				ALWAYS_EMBED_SWIFT_STANDARD_LIBRARIES = YES;
				BUNDLE_LOADER = "$(TEST_HOST)";
				CODE_SIGN_STYLE = Automatic;
				INFOPLIST_FILE = "Cat 2Tests/Info.plist";
				LD_RUNPATH_SEARCH_PATHS = (
					"$(inherited)",
					"@executable_path/Frameworks",
					"@loader_path/Frameworks",
				);
				PRODUCT_BUNDLE_IDENTIFIER = "test.Cat-2Tests";
				PRODUCT_NAME = "$(TARGET_NAME)";
				SWIFT_VERSION = 4.2;
				TARGETED_DEVICE_FAMILY = "1,2";
				TEST_HOST = "$(BUILT_PRODUCTS_DIR)/Cat 2.app/Cat 2";
			};
			name = Debug;
		};
		3FE1EDB022C3CDC70069DF1A /* Release */ = {
			isa = XCBuildConfiguration;
			buildSettings = {
				ALWAYS_EMBED_SWIFT_STANDARD_LIBRARIES = YES;
				BUNDLE_LOADER = "$(TEST_HOST)";
				CODE_SIGN_STYLE = Automatic;
				INFOPLIST_FILE = "Cat 2Tests/Info.plist";
				LD_RUNPATH_SEARCH_PATHS = (
					"$(inherited)",
					"@executable_path/Frameworks",
					"@loader_path/Frameworks",
				);
				PRODUCT_BUNDLE_IDENTIFIER = "test.Cat-2Tests";
				PRODUCT_NAME = "$(TARGET_NAME)";
				SWIFT_VERSION = 4.2;
				TARGETED_DEVICE_FAMILY = "1,2";
				TEST_HOST = "$(BUILT_PRODUCTS_DIR)/Cat 2.app/Cat 2";
			};
			name = Release;
		};
		3FE1EDB222C3CDC70069DF1A /* Debug */ = {
			isa = XCBuildConfiguration;
			buildSettings = {
				ALWAYS_EMBED_SWIFT_STANDARD_LIBRARIES = YES;
				CODE_SIGN_STYLE = Automatic;
				INFOPLIST_FILE = "Cat 2UITests/Info.plist";
				LD_RUNPATH_SEARCH_PATHS = (
					"$(inherited)",
					"@executable_path/Frameworks",
					"@loader_path/Frameworks",
				);
				PRODUCT_BUNDLE_IDENTIFIER = "test.Cat-2UITests";
				PRODUCT_NAME = "$(TARGET_NAME)";
				SWIFT_VERSION = 4.2;
				TARGETED_DEVICE_FAMILY = "1,2";
				TEST_TARGET_NAME = "Cat 2";
			};
			name = Debug;
		};
		3FE1EDB322C3CDC70069DF1A /* Release */ = {
			isa = XCBuildConfiguration;
			buildSettings = {
				ALWAYS_EMBED_SWIFT_STANDARD_LIBRARIES = YES;
				CODE_SIGN_STYLE = Automatic;
				INFOPLIST_FILE = "Cat 2UITests/Info.plist";
				LD_RUNPATH_SEARCH_PATHS = (
					"$(inherited)",
					"@executable_path/Frameworks",
					"@loader_path/Frameworks",
				);
				PRODUCT_BUNDLE_IDENTIFIER = "test.Cat-2UITests";
				PRODUCT_NAME = "$(TARGET_NAME)";
				SWIFT_VERSION = 4.2;
				TARGETED_DEVICE_FAMILY = "1,2";
				TEST_TARGET_NAME = "Cat 2";
			};
			name = Release;
		};
/* End XCBuildConfiguration section */

/* Begin XCConfigurationList section */
		3FE1ED7E22C3CDC50069DF1A /* Build configuration list for PBXProject "Cat 2" */ = {
			isa = XCConfigurationList;
			buildConfigurations = (
				3FE1EDA922C3CDC70069DF1A /* Debug */,
				3FE1EDAA22C3CDC70069DF1A /* Release */,
			);
			defaultConfigurationIsVisible = 0;
			defaultConfigurationName = Release;
		};
		3FE1EDAB22C3CDC70069DF1A /* Build configuration list for PBXNativeTarget "Cat 2" */ = {
			isa = XCConfigurationList;
			buildConfigurations = (
				3FE1EDAC22C3CDC70069DF1A /* Debug */,
				3FE1EDAD22C3CDC70069DF1A /* Release */,
			);
			defaultConfigurationIsVisible = 0;
			defaultConfigurationName = Release;
		};
		3FE1EDAE22C3CDC70069DF1A /* Build configuration list for PBXNativeTarget "Cat 2Tests" */ = {
			isa = XCConfigurationList;
			buildConfigurations = (
				3FE1EDAF22C3CDC70069DF1A /* Debug */,
				3FE1EDB022C3CDC70069DF1A /* Release */,
			);
			defaultConfigurationIsVisible = 0;
			defaultConfigurationName = Release;
		};
		3FE1EDB122C3CDC70069DF1A /* Build configuration list for PBXNativeTarget "Cat 2UITests" */ = {
			isa = XCConfigurationList;
			buildConfigurations = (
				3FE1EDB222C3CDC70069DF1A /* Debug */,
				3FE1EDB322C3CDC70069DF1A /* Release */,
			);
			defaultConfigurationIsVisible = 0;
			defaultConfigurationName = Release;
		};
/* End XCConfigurationList section */
	};
	rootObject = 3FE1ED7B22C3CDC50069DF1A /* Project object */;
}
