// !$*UTF8*$!
{
	archiveVersion = 1;
	classes = {
	};
	objectVersion = 50;
	objects = {

/* Begin PBXBuildFile section */
		3FE1ED4D22C3C1FB0069DF1A /* AppDelegate.swift in Sources */ = {isa = PBXBuildFile; fileRef = 3FE1ED4C22C3C1FB0069DF1A /* AppDelegate.swift */; };
		3FE1ED4F22C3C1FB0069DF1A /* ViewController.swift in Sources */ = {isa = PBXBuildFile; fileRef = 3FE1ED4E22C3C1FB0069DF1A /* ViewController.swift */; };
		3FE1ED5222C3C1FB0069DF1A /* Main.storyboard in Resources */ = {isa = PBXBuildFile; fileRef = 3FE1ED5022C3C1FB0069DF1A /* Main.storyboard */; };
		3FE1ED5422C3C1FD0069DF1A /* Assets.xcassets in Resources */ = {isa = PBXBuildFile; fileRef = 3FE1ED5322C3C1FD0069DF1A /* Assets.xcassets */; };
		3FE1ED5722C3C1FD0069DF1A /* LaunchScreen.storyboard in Resources */ = {isa = PBXBuildFile; fileRef = 3FE1ED5522C3C1FD0069DF1A /* LaunchScreen.storyboard */; };
		3FE1ED6222C3C1FD0069DF1A /* Is_PrimeTests.swift in Sources */ = {isa = PBXBuildFile; fileRef = 3FE1ED6122C3C1FD0069DF1A /* Is_PrimeTests.swift */; };
		3FE1ED6D22C3C1FD0069DF1A /* Is_PrimeUITests.swift in Sources */ = {isa = PBXBuildFile; fileRef = 3FE1ED6C22C3C1FD0069DF1A /* Is_PrimeUITests.swift */; };
/* End PBXBuildFile section */

/* Begin PBXContainerItemProxy section */
		3FE1ED5E22C3C1FD0069DF1A /* PBXContainerItemProxy */ = {
			isa = PBXContainerItemProxy;
			containerPortal = 3FE1ED4122C3C1FB0069DF1A /* Project object */;
			proxyType = 1;
			remoteGlobalIDString = 3FE1ED4822C3C1FB0069DF1A;
			remoteInfo = "Is Prime";
		};
		3FE1ED6922C3C1FD0069DF1A /* PBXContainerItemProxy */ = {
			isa = PBXContainerItemProxy;
			containerPortal = 3FE1ED4122C3C1FB0069DF1A /* Project object */;
			proxyType = 1;
			remoteGlobalIDString = 3FE1ED4822C3C1FB0069DF1A;
			remoteInfo = "Is Prime";
		};
/* End PBXContainerItemProxy section */

/* Begin PBXFileReference section */
		3FE1ED4922C3C1FB0069DF1A /* Is Prime.app */ = {isa = PBXFileReference; explicitFileType = wrapper.application; includeInIndex = 0; path = "Is Prime.app"; sourceTree = BUILT_PRODUCTS_DIR; };
		3FE1ED4C22C3C1FB0069DF1A /* AppDelegate.swift */ = {isa = PBXFileReference; lastKnownFileType = sourcecode.swift; path = AppDelegate.swift; sourceTree = "<group>"; };
		3FE1ED4E22C3C1FB0069DF1A /* ViewController.swift */ = {isa = PBXFileReference; lastKnownFileType = sourcecode.swift; path = ViewController.swift; sourceTree = "<group>"; };
		3FE1ED5122C3C1FB0069DF1A /* Base */ = {isa = PBXFileReference; lastKnownFileType = file.storyboard; name = Base; path = Base.lproj/Main.storyboard; sourceTree = "<group>"; };
		3FE1ED5322C3C1FD0069DF1A /* Assets.xcassets */ = {isa = PBXFileReference; lastKnownFileType = folder.assetcatalog; path = Assets.xcassets; sourceTree = "<group>"; };
		3FE1ED5622C3C1FD0069DF1A /* Base */ = {isa = PBXFileReference; lastKnownFileType = file.storyboard; name = Base; path = Base.lproj/LaunchScreen.storyboard; sourceTree = "<group>"; };
		3FE1ED5822C3C1FD0069DF1A /* Info.plist */ = {isa = PBXFileReference; lastKnownFileType = text.plist.xml; path = Info.plist; sourceTree = "<group>"; };
		3FE1ED5D22C3C1FD0069DF1A /* Is PrimeTests.xctest */ = {isa = PBXFileReference; explicitFileType = wrapper.cfbundle; includeInIndex = 0; path = "Is PrimeTests.xctest"; sourceTree = BUILT_PRODUCTS_DIR; };
		3FE1ED6122C3C1FD0069DF1A /* Is_PrimeTests.swift */ = {isa = PBXFileReference; lastKnownFileType = sourcecode.swift; path = Is_PrimeTests.swift; sourceTree = "<group>"; };
		3FE1ED6322C3C1FD0069DF1A /* Info.plist */ = {isa = PBXFileReference; lastKnownFileType = text.plist.xml; path = Info.plist; sourceTree = "<group>"; };
		3FE1ED6822C3C1FD0069DF1A /* Is PrimeUITests.xctest */ = {isa = PBXFileReference; explicitFileType = wrapper.cfbundle; includeInIndex = 0; path = "Is PrimeUITests.xctest"; sourceTree = BUILT_PRODUCTS_DIR; };
		3FE1ED6C22C3C1FD0069DF1A /* Is_PrimeUITests.swift */ = {isa = PBXFileReference; lastKnownFileType = sourcecode.swift; path = Is_PrimeUITests.swift; sourceTree = "<group>"; };
		3FE1ED6E22C3C1FD0069DF1A /* Info.plist */ = {isa = PBXFileReference; lastKnownFileType = text.plist.xml; path = Info.plist; sourceTree = "<group>"; };
/* End PBXFileReference section */

/* Begin PBXFrameworksBuildPhase section */
		3FE1ED4622C3C1FB0069DF1A /* Frameworks */ = {
			isa = PBXFrameworksBuildPhase;
			buildActionMask = 2147483647;
			files = (
			);
			runOnlyForDeploymentPostprocessing = 0;
		};
		3FE1ED5A22C3C1FD0069DF1A /* Frameworks */ = {
			isa = PBXFrameworksBuildPhase;
			buildActionMask = 2147483647;
			files = (
			);
			runOnlyForDeploymentPostprocessing = 0;
		};
		3FE1ED6522C3C1FD0069DF1A /* Frameworks */ = {
			isa = PBXFrameworksBuildPhase;
			buildActionMask = 2147483647;
			files = (
			);
			runOnlyForDeploymentPostprocessing = 0;
		};
/* End PBXFrameworksBuildPhase section */

/* Begin PBXGroup section */
		3FE1ED4022C3C1FB0069DF1A = {
			isa = PBXGroup;
			children = (
				3FE1ED4B22C3C1FB0069DF1A /* Is Prime */,
				3FE1ED6022C3C1FD0069DF1A /* Is PrimeTests */,
				3FE1ED6B22C3C1FD0069DF1A /* Is PrimeUITests */,
				3FE1ED4A22C3C1FB0069DF1A /* Products */,
			);
			sourceTree = "<group>";
		};
		3FE1ED4A22C3C1FB0069DF1A /* Products */ = {
			isa = PBXGroup;
			children = (
				3FE1ED4922C3C1FB0069DF1A /* Is Prime.app */,
				3FE1ED5D22C3C1FD0069DF1A /* Is PrimeTests.xctest */,
				3FE1ED6822C3C1FD0069DF1A /* Is PrimeUITests.xctest */,
			);
			name = Products;
			sourceTree = "<group>";
		};
		3FE1ED4B22C3C1FB0069DF1A /* Is Prime */ = {
			isa = PBXGroup;
			children = (
				3FE1ED4C22C3C1FB0069DF1A /* AppDelegate.swift */,
				3FE1ED4E22C3C1FB0069DF1A /* ViewController.swift */,
				3FE1ED5022C3C1FB0069DF1A /* Main.storyboard */,
				3FE1ED5322C3C1FD0069DF1A /* Assets.xcassets */,
				3FE1ED5522C3C1FD0069DF1A /* LaunchScreen.storyboard */,
				3FE1ED5822C3C1FD0069DF1A /* Info.plist */,
			);
			path = "Is Prime";
			sourceTree = "<group>";
		};
		3FE1ED6022C3C1FD0069DF1A /* Is PrimeTests */ = {
			isa = PBXGroup;
			children = (
				3FE1ED6122C3C1FD0069DF1A /* Is_PrimeTests.swift */,
				3FE1ED6322C3C1FD0069DF1A /* Info.plist */,
			);
			path = "Is PrimeTests";
			sourceTree = "<group>";
		};
		3FE1ED6B22C3C1FD0069DF1A /* Is PrimeUITests */ = {
			isa = PBXGroup;
			children = (
				3FE1ED6C22C3C1FD0069DF1A /* Is_PrimeUITests.swift */,
				3FE1ED6E22C3C1FD0069DF1A /* Info.plist */,
			);
			path = "Is PrimeUITests";
			sourceTree = "<group>";
		};
/* End PBXGroup section */

/* Begin PBXNativeTarget section */
		3FE1ED4822C3C1FB0069DF1A /* Is Prime */ = {
			isa = PBXNativeTarget;
			buildConfigurationList = 3FE1ED7122C3C1FD0069DF1A /* Build configuration list for PBXNativeTarget "Is Prime" */;
			buildPhases = (
				3FE1ED4522C3C1FB0069DF1A /* Sources */,
				3FE1ED4622C3C1FB0069DF1A /* Frameworks */,
				3FE1ED4722C3C1FB0069DF1A /* Resources */,
			);
			buildRules = (
			);
			dependencies = (
			);
			name = "Is Prime";
			productName = "Is Prime";
			productReference = 3FE1ED4922C3C1FB0069DF1A /* Is Prime.app */;
			productType = "com.apple.product-type.application";
		};
		3FE1ED5C22C3C1FD0069DF1A /* Is PrimeTests */ = {
			isa = PBXNativeTarget;
			buildConfigurationList = 3FE1ED7422C3C1FD0069DF1A /* Build configuration list for PBXNativeTarget "Is PrimeTests" */;
			buildPhases = (
				3FE1ED5922C3C1FD0069DF1A /* Sources */,
				3FE1ED5A22C3C1FD0069DF1A /* Frameworks */,
				3FE1ED5B22C3C1FD0069DF1A /* Resources */,
			);
			buildRules = (
			);
			dependencies = (
				3FE1ED5F22C3C1FD0069DF1A /* PBXTargetDependency */,
			);
			name = "Is PrimeTests";
			productName = "Is PrimeTests";
			productReference = 3FE1ED5D22C3C1FD0069DF1A /* Is PrimeTests.xctest */;
			productType = "com.apple.product-type.bundle.unit-test";
		};
		3FE1ED6722C3C1FD0069DF1A /* Is PrimeUITests */ = {
			isa = PBXNativeTarget;
			buildConfigurationList = 3FE1ED7722C3C1FD0069DF1A /* Build configuration list for PBXNativeTarget "Is PrimeUITests" */;
			buildPhases = (
				3FE1ED6422C3C1FD0069DF1A /* Sources */,
				3FE1ED6522C3C1FD0069DF1A /* Frameworks */,
				3FE1ED6622C3C1FD0069DF1A /* Resources */,
			);
			buildRules = (
			);
			dependencies = (
				3FE1ED6A22C3C1FD0069DF1A /* PBXTargetDependency */,
			);
			name = "Is PrimeUITests";
			productName = "Is PrimeUITests";
			productReference = 3FE1ED6822C3C1FD0069DF1A /* Is PrimeUITests.xctest */;
			productType = "com.apple.product-type.bundle.ui-testing";
		};
/* End PBXNativeTarget section */

/* Begin PBXProject section */
		3FE1ED4122C3C1FB0069DF1A /* Project object */ = {
			isa = PBXProject;
			attributes = {
				LastSwiftUpdateCheck = 1010;
				LastUpgradeCheck = 1010;
				ORGANIZATIONNAME = student;
				TargetAttributes = {
					3FE1ED4822C3C1FB0069DF1A = {
						CreatedOnToolsVersion = 10.1;
					};
					3FE1ED5C22C3C1FD0069DF1A = {
						CreatedOnToolsVersion = 10.1;
						TestTargetID = 3FE1ED4822C3C1FB0069DF1A;
					};
					3FE1ED6722C3C1FD0069DF1A = {
						CreatedOnToolsVersion = 10.1;
						TestTargetID = 3FE1ED4822C3C1FB0069DF1A;
					};
				};
			};
			buildConfigurationList = 3FE1ED4422C3C1FB0069DF1A /* Build configuration list for PBXProject "Is Prime" */;
			compatibilityVersion = "Xcode 9.3";
			developmentRegion = en;
			hasScannedForEncodings = 0;
			knownRegions = (
				en,
				Base,
			);
			mainGroup = 3FE1ED4022C3C1FB0069DF1A;
			productRefGroup = 3FE1ED4A22C3C1FB0069DF1A /* Products */;
			projectDirPath = "";
			projectRoot = "";
			targets = (
				3FE1ED4822C3C1FB0069DF1A /* Is Prime */,
				3FE1ED5C22C3C1FD0069DF1A /* Is PrimeTests */,
				3FE1ED6722C3C1FD0069DF1A /* Is PrimeUITests */,
			);
		};
/* End PBXProject section */

/* Begin PBXResourcesBuildPhase section */
		3FE1ED4722C3C1FB0069DF1A /* Resources */ = {
			isa = PBXResourcesBuildPhase;
			buildActionMask = 2147483647;
			files = (
				3FE1ED5722C3C1FD0069DF1A /* LaunchScreen.storyboard in Resources */,
				3FE1ED5422C3C1FD0069DF1A /* Assets.xcassets in Resources */,
				3FE1ED5222C3C1FB0069DF1A /* Main.storyboard in Resources */,
			);
			runOnlyForDeploymentPostprocessing = 0;
		};
		3FE1ED5B22C3C1FD0069DF1A /* Resources */ = {
			isa = PBXResourcesBuildPhase;
			buildActionMask = 2147483647;
			files = (
			);
			runOnlyForDeploymentPostprocessing = 0;
		};
		3FE1ED6622C3C1FD0069DF1A /* Resources */ = {
			isa = PBXResourcesBuildPhase;
			buildActionMask = 2147483647;
			files = (
			);
			runOnlyForDeploymentPostprocessing = 0;
		};
/* End PBXResourcesBuildPhase section */

/* Begin PBXSourcesBuildPhase section */
		3FE1ED4522C3C1FB0069DF1A /* Sources */ = {
			isa = PBXSourcesBuildPhase;
			buildActionMask = 2147483647;
			files = (
				3FE1ED4F22C3C1FB0069DF1A /* ViewController.swift in Sources */,
				3FE1ED4D22C3C1FB0069DF1A /* AppDelegate.swift in Sources */,
			);
			runOnlyForDeploymentPostprocessing = 0;
		};
		3FE1ED5922C3C1FD0069DF1A /* Sources */ = {
			isa = PBXSourcesBuildPhase;
			buildActionMask = 2147483647;
			files = (
				3FE1ED6222C3C1FD0069DF1A /* Is_PrimeTests.swift in Sources */,
			);
			runOnlyForDeploymentPostprocessing = 0;
		};
		3FE1ED6422C3C1FD0069DF1A /* Sources */ = {
			isa = PBXSourcesBuildPhase;
			buildActionMask = 2147483647;
			files = (
				3FE1ED6D22C3C1FD0069DF1A /* Is_PrimeUITests.swift in Sources */,
			);
			runOnlyForDeploymentPostprocessing = 0;
		};
/* End PBXSourcesBuildPhase section */

/* Begin PBXTargetDependency section */
		3FE1ED5F22C3C1FD0069DF1A /* PBXTargetDependency */ = {
			isa = PBXTargetDependency;
			target = 3FE1ED4822C3C1FB0069DF1A /* Is Prime */;
			targetProxy = 3FE1ED5E22C3C1FD0069DF1A /* PBXContainerItemProxy */;
		};
		3FE1ED6A22C3C1FD0069DF1A /* PBXTargetDependency */ = {
			isa = PBXTargetDependency;
			target = 3FE1ED4822C3C1FB0069DF1A /* Is Prime */;
			targetProxy = 3FE1ED6922C3C1FD0069DF1A /* PBXContainerItemProxy */;
		};
/* End PBXTargetDependency section */

/* Begin PBXVariantGroup section */
		3FE1ED5022C3C1FB0069DF1A /* Main.storyboard */ = {
			isa = PBXVariantGroup;
			children = (
				3FE1ED5122C3C1FB0069DF1A /* Base */,
			);
			name = Main.storyboard;
			sourceTree = "<group>";
		};
		3FE1ED5522C3C1FD0069DF1A /* LaunchScreen.storyboard */ = {
			isa = PBXVariantGroup;
			children = (
				3FE1ED5622C3C1FD0069DF1A /* Base */,
			);
			name = LaunchScreen.storyboard;
			sourceTree = "<group>";
		};
/* End PBXVariantGroup section */

/* Begin XCBuildConfiguration section */
		3FE1ED6F22C3C1FD0069DF1A /* Debug */ = {
			isa = XCBuildConfiguration;
			buildSettings = {
				ALWAYS_SEARCH_USER_PATHS = NO;
				CLANG_ANALYZER_NONNULL = YES;
				CLANG_ANALYZER_NUMBER_OBJECT_CONVERSION = YES_AGGRESSIVE;
				CLANG_CXX_LANGUAGE_STANDARD = "gnu++14";
				CLANG_CXX_LIBRARY = "libc++";
				CLANG_ENABLE_MODULES = YES;
				CLANG_ENABLE_OBJC_ARC = YES;
				CLANG_ENABLE_OBJC_WEAK = YES;
				CLANG_WARN_BLOCK_CAPTURE_AUTORELEASING = YES;
				CLANG_WARN_BOOL_CONVERSION = YES;
				CLANG_WARN_COMMA = YES;
				CLANG_WARN_CONSTANT_CONVERSION = YES;
				CLANG_WARN_DEPRECATED_OBJC_IMPLEMENTATIONS = YES;
				CLANG_WARN_DIRECT_OBJC_ISA_USAGE = YES_ERROR;
				CLANG_WARN_DOCUMENTATION_COMMENTS = YES;
				CLANG_WARN_EMPTY_BODY = YES;
				CLANG_WARN_ENUM_CONVERSION = YES;
				CLANG_WARN_INFINITE_RECURSION = YES;
				CLANG_WARN_INT_CONVERSION = YES;
				CLANG_WARN_NON_LITERAL_NULL_CONVERSION = YES;
				CLANG_WARN_OBJC_IMPLICIT_RETAIN_SELF = YES;
				CLANG_WARN_OBJC_LITERAL_CONVERSION = YES;
				CLANG_WARN_OBJC_ROOT_CLASS = YES_ERROR;
				CLANG_WARN_RANGE_LOOP_ANALYSIS = YES;
				CLANG_WARN_STRICT_PROTOTYPES = YES;
				CLANG_WARN_SUSPICIOUS_MOVE = YES;
				CLANG_WARN_UNGUARDED_AVAILABILITY = YES_AGGRESSIVE;
				CLANG_WARN_UNREACHABLE_CODE = YES;
				CLANG_WARN__DUPLICATE_METHOD_MATCH = YES;
				CODE_SIGN_IDENTITY = "iPhone Developer";
				COPY_PHASE_STRIP = NO;
				DEBUG_INFORMATION_FORMAT = dwarf;
				ENABLE_STRICT_OBJC_MSGSEND = YES;
				ENABLE_TESTABILITY = YES;
				GCC_C_LANGUAGE_STANDARD = gnu11;
				GCC_DYNAMIC_NO_PIC = NO;
				GCC_NO_COMMON_BLOCKS = YES;
				GCC_OPTIMIZATION_LEVEL = 0;
				GCC_PREPROCESSOR_DEFINITIONS = (
					"DEBUG=1",
					"$(inherited)",
				);
				GCC_WARN_64_TO_32_BIT_CONVERSION = YES;
				GCC_WARN_ABOUT_RETURN_TYPE = YES_ERROR;
				GCC_WARN_UNDECLARED_SELECTOR = YES;
				GCC_WARN_UNINITIALIZED_AUTOS = YES_AGGRESSIVE;
				GCC_WARN_UNUSED_FUNCTION = YES;
				GCC_WARN_UNUSED_VARIABLE = YES;
				IPHONEOS_DEPLOYMENT_TARGET = 12.1;
				MTL_ENABLE_DEBUG_INFO = INCLUDE_SOURCE;
				MTL_FAST_MATH = YES;
				ONLY_ACTIVE_ARCH = YES;
				SDKROOT = iphoneos;
				SWIFT_ACTIVE_COMPILATION_CONDITIONS = DEBUG;
				SWIFT_OPTIMIZATION_LEVEL = "-Onone";
			};
			name = Debug;
		};
		3FE1ED7022C3C1FD0069DF1A /* Release */ = {
			isa = XCBuildConfiguration;
			buildSettings = {
				ALWAYS_SEARCH_USER_PATHS = NO;
				CLANG_ANALYZER_NONNULL = YES;
				CLANG_ANALYZER_NUMBER_OBJECT_CONVERSION = YES_AGGRESSIVE;
				CLANG_CXX_LANGUAGE_STANDARD = "gnu++14";
				CLANG_CXX_LIBRARY = "libc++";
				CLANG_ENABLE_MODULES = YES;
				CLANG_ENABLE_OBJC_ARC = YES;
				CLANG_ENABLE_OBJC_WEAK = YES;
				CLANG_WARN_BLOCK_CAPTURE_AUTORELEASING = YES;
				CLANG_WARN_BOOL_CONVERSION = YES;
				CLANG_WARN_COMMA = YES;
				CLANG_WARN_CONSTANT_CONVERSION = YES;
				CLANG_WARN_DEPRECATED_OBJC_IMPLEMENTATIONS = YES;
				CLANG_WARN_DIRECT_OBJC_ISA_USAGE = YES_ERROR;
				CLANG_WARN_DOCUMENTATION_COMMENTS = YES;
				CLANG_WARN_EMPTY_BODY = YES;
				CLANG_WARN_ENUM_CONVERSION = YES;
				CLANG_WARN_INFINITE_RECURSION = YES;
				CLANG_WARN_INT_CONVERSION = YES;
				CLANG_WARN_NON_LITERAL_NULL_CONVERSION = YES;
				CLANG_WARN_OBJC_IMPLICIT_RETAIN_SELF = YES;
				CLANG_WARN_OBJC_LITERAL_CONVERSION = YES;
				CLANG_WARN_OBJC_ROOT_CLASS = YES_ERROR;
				CLANG_WARN_RANGE_LOOP_ANALYSIS = YES;
				CLANG_WARN_STRICT_PROTOTYPES = YES;
				CLANG_WARN_SUSPICIOUS_MOVE = YES;
				CLANG_WARN_UNGUARDED_AVAILABILITY = YES_AGGRESSIVE;
				CLANG_WARN_UNREACHABLE_CODE = YES;
				CLANG_WARN__DUPLICATE_METHOD_MATCH = YES;
				CODE_SIGN_IDENTITY = "iPhone Developer";
				COPY_PHASE_STRIP = NO;
				DEBUG_INFORMATION_FORMAT = "dwarf-with-dsym";
				ENABLE_NS_ASSERTIONS = NO;
				ENABLE_STRICT_OBJC_MSGSEND = YES;
				GCC_C_LANGUAGE_STANDARD = gnu11;
				GCC_NO_COMMON_BLOCKS = YES;
				GCC_WARN_64_TO_32_BIT_CONVERSION = YES;
				GCC_WARN_ABOUT_RETURN_TYPE = YES_ERROR;
				GCC_WARN_UNDECLARED_SELECTOR = YES;
				GCC_WARN_UNINITIALIZED_AUTOS = YES_AGGRESSIVE;
				GCC_WARN_UNUSED_FUNCTION = YES;
				GCC_WARN_UNUSED_VARIABLE = YES;
				IPHONEOS_DEPLOYMENT_TARGET = 12.1;
				MTL_ENABLE_DEBUG_INFO = NO;
				MTL_FAST_MATH = YES;
				SDKROOT = iphoneos;
				SWIFT_COMPILATION_MODE = wholemodule;
				SWIFT_OPTIMIZATION_LEVEL = "-O";
				VALIDATE_PRODUCT = YES;
			};
			name = Release;
		};
		3FE1ED7222C3C1FD0069DF1A /* Debug */ = {
			isa = XCBuildConfiguration;
			buildSettings = {
				ASSETCATALOG_COMPILER_APPICON_NAME = AppIcon;
				CODE_SIGN_STYLE = Automatic;
				INFOPLIST_FILE = "Is Prime/Info.plist";
				LD_RUNPATH_SEARCH_PATHS = (
					"$(inherited)",
					"@executable_path/Frameworks",
				);
				PRODUCT_BUNDLE_IDENTIFIER = "test.Is-Prime";
				PRODUCT_NAME = "$(TARGET_NAME)";
				SWIFT_VERSION = 4.2;
				TARGETED_DEVICE_FAMILY = "1,2";
			};
			name = Debug;
		};
		3FE1ED7322C3C1FD0069DF1A /* Release */ = {
			isa = XCBuildConfiguration;
			buildSettings = {
				ASSETCATALOG_COMPILER_APPICON_NAME = AppIcon;
				CODE_SIGN_STYLE = Automatic;
				INFOPLIST_FILE = "Is Prime/Info.plist";
				LD_RUNPATH_SEARCH_PATHS = (
					"$(inherited)",
					"@executable_path/Frameworks",
				);
				PRODUCT_BUNDLE_IDENTIFIER = "test.Is-Prime";
				PRODUCT_NAME = "$(TARGET_NAME)";
				SWIFT_VERSION = 4.2;
				TARGETED_DEVICE_FAMILY = "1,2";
			};
			name = Release;
		};
		3FE1ED7522C3C1FD0069DF1A /* Debug */ = {
			isa = XCBuildConfiguration;
			buildSettings = {
				ALWAYS_EMBED_SWIFT_STANDARD_LIBRARIES = YES;
				BUNDLE_LOADER = "$(TEST_HOST)";
				CODE_SIGN_STYLE = Automatic;
				INFOPLIST_FILE = "Is PrimeTests/Info.plist";
				LD_RUNPATH_SEARCH_PATHS = (
					"$(inherited)",
					"@executable_path/Frameworks",
					"@loader_path/Frameworks",
				);
				PRODUCT_BUNDLE_IDENTIFIER = "test.Is-PrimeTests";
				PRODUCT_NAME = "$(TARGET_NAME)";
				SWIFT_VERSION = 4.2;
				TARGETED_DEVICE_FAMILY = "1,2";
				TEST_HOST = "$(BUILT_PRODUCTS_DIR)/Is Prime.app/Is Prime";
			};
			name = Debug;
		};
		3FE1ED7622C3C1FD0069DF1A /* Release */ = {
			isa = XCBuildConfiguration;
			buildSettings = {
				ALWAYS_EMBED_SWIFT_STANDARD_LIBRARIES = YES;
				BUNDLE_LOADER = "$(TEST_HOST)";
				CODE_SIGN_STYLE = Automatic;
				INFOPLIST_FILE = "Is PrimeTests/Info.plist";
				LD_RUNPATH_SEARCH_PATHS = (
					"$(inherited)",
					"@executable_path/Frameworks",
					"@loader_path/Frameworks",
				);
				PRODUCT_BUNDLE_IDENTIFIER = "test.Is-PrimeTests";
				PRODUCT_NAME = "$(TARGET_NAME)";
				SWIFT_VERSION = 4.2;
				TARGETED_DEVICE_FAMILY = "1,2";
				TEST_HOST = "$(BUILT_PRODUCTS_DIR)/Is Prime.app/Is Prime";
			};
			name = Release;
		};
		3FE1ED7822C3C1FD0069DF1A /* Debug */ = {
			isa = XCBuildConfiguration;
			buildSettings = {
				ALWAYS_EMBED_SWIFT_STANDARD_LIBRARIES = YES;
				CODE_SIGN_STYLE = Automatic;
				INFOPLIST_FILE = "Is PrimeUITests/Info.plist";
				LD_RUNPATH_SEARCH_PATHS = (
					"$(inherited)",
					"@executable_path/Frameworks",
					"@loader_path/Frameworks",
				);
				PRODUCT_BUNDLE_IDENTIFIER = "test.Is-PrimeUITests";
				PRODUCT_NAME = "$(TARGET_NAME)";
				SWIFT_VERSION = 4.2;
				TARGETED_DEVICE_FAMILY = "1,2";
				TEST_TARGET_NAME = "Is Prime";
			};
			name = Debug;
		};
		3FE1ED7922C3C1FD0069DF1A /* Release */ = {
			isa = XCBuildConfiguration;
			buildSettings = {
				ALWAYS_EMBED_SWIFT_STANDARD_LIBRARIES = YES;
				CODE_SIGN_STYLE = Automatic;
				INFOPLIST_FILE = "Is PrimeUITests/Info.plist";
				LD_RUNPATH_SEARCH_PATHS = (
					"$(inherited)",
					"@executable_path/Frameworks",
					"@loader_path/Frameworks",
				);
				PRODUCT_BUNDLE_IDENTIFIER = "test.Is-PrimeUITests";
				PRODUCT_NAME = "$(TARGET_NAME)";
				SWIFT_VERSION = 4.2;
				TARGETED_DEVICE_FAMILY = "1,2";
				TEST_TARGET_NAME = "Is Prime";
			};
			name = Release;
		};
/* End XCBuildConfiguration section */

/* Begin XCConfigurationList section */
		3FE1ED4422C3C1FB0069DF1A /* Build configuration list for PBXProject "Is Prime" */ = {
			isa = XCConfigurationList;
			buildConfigurations = (
				3FE1ED6F22C3C1FD0069DF1A /* Debug */,
				3FE1ED7022C3C1FD0069DF1A /* Release */,
			);
			defaultConfigurationIsVisible = 0;
			defaultConfigurationName = Release;
		};
		3FE1ED7122C3C1FD0069DF1A /* Build configuration list for PBXNativeTarget "Is Prime" */ = {
			isa = XCConfigurationList;
			buildConfigurations = (
				3FE1ED7222C3C1FD0069DF1A /* Debug */,
				3FE1ED7322C3C1FD0069DF1A /* Release */,
			);
			defaultConfigurationIsVisible = 0;
			defaultConfigurationName = Release;
		};
		3FE1ED7422C3C1FD0069DF1A /* Build configuration list for PBXNativeTarget "Is PrimeTests" */ = {
			isa = XCConfigurationList;
			buildConfigurations = (
				3FE1ED7522C3C1FD0069DF1A /* Debug */,
				3FE1ED7622C3C1FD0069DF1A /* Release */,
			);
			defaultConfigurationIsVisible = 0;
			defaultConfigurationName = Release;
		};
		3FE1ED7722C3C1FD0069DF1A /* Build configuration list for PBXNativeTarget "Is PrimeUITests" */ = {
			isa = XCConfigurationList;
			buildConfigurations = (
				3FE1ED7822C3C1FD0069DF1A /* Debug */,
				3FE1ED7922C3C1FD0069DF1A /* Release */,
			);
			defaultConfigurationIsVisible = 0;
			defaultConfigurationName = Release;
		};
/* End XCConfigurationList section */
	};
	rootObject = 3FE1ED4122C3C1FB0069DF1A /* Project object */;
}
